{
  "name": "simple-date-calculator",
  "version": "0.0.1",
  "lockfileVersion": 2,
  "requires": true,
  "packages": {
    "": {
      "name": "simple-date-calculator",
      "version": "0.0.1",
      "license": "MIT",
      "dependencies": {
        "simple-date-calculator": "^0.0.1",
        "moment": "^2.29.3"
      },
      "devDependencies": {}
    },
    "node_modules/simple-date-calculator": {
      "version": "0.0.1",
      "resolved": "https://registry.npmjs.org/simple-date-calculator/-/simple-date-calculator-0.0.1.tgz",
      "integrity": "sha512-PqGc6E9ytOV4wEE4zWtxNKI0nrRQlCBdUzRiyHb2sgD6nPVVQy4gp9CJT8UXb2T1WRPNqAt0eAO47WH+2qSn1A==",
      "dependencies": {
        "simple-date-calculator": "^1.0.8",
        "moment": "^2.29.3"
      }
    },
    "node_modules/moment": {
      "version": "2.29.3",
      "resolved": "https://registry.npmjs.org/moment/-/moment-2.29.3.tgz",
      "integrity": "sha512-c6YRvhEo//6T2Jz/vVtYzqBzwvPT95JBQ+smCytzf7c50oMZRsR/a4w88aD34I+/QVSfnoAnSBFPJHItlOMJVw==",
      "engines": {
        "node": "*"
      }
    }
  },
  "dependencies": {
    "simple-date-calculator": {
      "version": "0.0.1",
      "resolved": "https://registry.npmjs.org/simple-date-calculator/-/simple-date-calculator-0.0.1.tgz",
      "integrity": "sha512-PqGc6E9ytOV4wEE4zWtxNKI0nrRQlCBdUzRiyHb2sgD6nPVVQy4gp9CJT8UXb2T1WRPNqAt0eAO47WH+2qSn1A==",
      "requires": {
        "simple-date-calculator": "^1.0.8",
        "moment": "^2.29.3"
      }
    },
    "moment": {
      "version": "2.29.3",
      "resolved": "https://registry.npmjs.org/moment/-/moment-2.29.3.tgz",
      "integrity": "sha512-c6YRvhEo//6T2Jz/vVtYzqBzwvPT95JBQ+smCytzf7c50oMZRsR/a4w88aD34I+/QVSfnoAnSBFPJHItlOMJVw=="
    }
  }
}
